
Microsoft Visual Studio Solution File, Format Version 12.00
# Visual Studio 15
VisualStudioVersion = 15.0.27703.2018
MinimumVisualStudioVersion = 10.0.40219.1
Project("{FAE04EC0-301F-11D3-BF4B-00C04F79EFBC}") = "RPG", "RPG\RPG.csproj", "{A34AC2AA-EE0F-452B-98EA-A1819ACEA3C7}"
EndProject
Project("{FAE04EC0-301F-11D3-BF4B-00C04F79EFBC}") = "Engine", "Engine\Engine.csproj", "{8AC51D9E-483C-44B3-8D12-ABDB6D335CC6}"
EndProject
Project("{FAE04EC0-301F-11D3-BF4B-00C04F79EFBC}") = "TestEngine", "TestEngine\TestEngine.csproj", "{DCBE264D-D7A6-4C2C-9794-2EF91F47FAF9}"
EndProject
Global
	GlobalSection(SolutionConfigurationPlatforms) = preSolution
		Debug|Any CPU = Debug|Any CPU
		Release|Any CPU = Release|Any CPU
	EndGlobalSection
	GlobalSection(ProjectConfigurationPlatforms) = postSolution
		{A34AC2AA-EE0F-452B-98EA-A1819ACEA3C7}.Debug|Any CPU.ActiveCfg = Debug|Any CPU
		{A34AC2AA-EE0F-452B-98EA-A1819ACEA3C7}.Debug|Any CPU.Build.0 = Debug|Any CPU
		{A34AC2AA-EE0F-452B-98EA-A1819ACEA3C7}.Release|Any CPU.ActiveCfg = Release|Any CPU
		{A34AC2AA-EE0F-452B-98EA-A1819ACEA3C7}.Release|Any CPU.Build.0 = Release|Any CPU
		{8AC51D9E-483C-44B3-8D12-ABDB6D335CC6}.Debug|Any CPU.ActiveCfg = Debug|Any CPU
		{8AC51D9E-483C-44B3-8D12-ABDB6D335CC6}.Debug|Any CPU.Build.0 = Debug|Any CPU
		{8AC51D9E-483C-44B3-8D12-ABDB6D335CC6}.Release|Any CPU.ActiveCfg = Release|Any CPU
		{8AC51D9E-483C-44B3-8D12-ABDB6D335CC6}.Release|Any CPU.Build.0 = Release|Any CPU
		{DCBE264D-D7A6-4C2C-9794-2EF91F47FAF9}.Debug|Any CPU.ActiveCfg = Debug|Any CPU
		{DCBE264D-D7A6-4C2C-9794-2EF91F47FAF9}.Debug|Any CPU.Build.0 = Debug|Any CPU
		{DCBE264D-D7A6-4C2C-9794-2EF91F47FAF9}.Release|Any CPU.ActiveCfg = Release|Any CPU
		{DCBE264D-D7A6-4C2C-9794-2EF91F47FAF9}.Release|Any CPU.Build.0 = Release|Any CPU
	EndGlobalSection
	GlobalSection(SolutionProperties) = preSolution
		HideSolutionNode = FALSE
	EndGlobalSection
	GlobalSection(ExtensibilityGlobals) = postSolution
		SolutionGuid = {A4D0126D-C486-4AA9-B3F4-1C9EF35CAAD9}
	EndGlobalSection
EndGlobal
